
Microsoft Visual Studio Solution File, Format Version 12.00
# Visual Studio Version 17
VisualStudioVersion = 17.14.36717.8 d17.14
MinimumVisualStudioVersion = 10.0.40219.1
Project("{FAE04EC0-301F-11D3-BF4B-00C04F79EFBC}") = "tibg-sport-backend", "tibg-sport-backend.csproj", "{9133FA50-CE2A-4E96-BD11-11F338B384CA}"
EndProject
Project("{FAE04EC0-301F-11D3-BF4B-00C04F79EFBC}") = "TIBG.API.Core", "..\TIBG.Core\TIBG.API.Core.csproj", "{022A7C44-A926-4B35-9976-754146910891}"
EndProject
Project("{FAE04EC0-301F-11D3-BF4B-00C04F79EFBC}") = "TIBG.Core.Models", "..\TIBG.Models\TIBG.Core.Models.csproj", "{D91BCE58-E9AA-48D6-89DE-79D74229385C}"
EndProject
Project("{FAE04EC0-301F-11D3-BF4B-00C04F79EFBC}") = "TIBG.Contracts", "..\TIBG.Contracts\TIBG.Contracts.csproj", "{19BB11A1-F579-4F06-BAFF-CC108CBE1747}"
EndProject
Global
	GlobalSection(SolutionConfigurationPlatforms) = preSolution
		Debug|Any CPU = Debug|Any CPU
		Release|Any CPU = Release|Any CPU
	EndGlobalSection
	GlobalSection(ProjectConfigurationPlatforms) = postSolution
		{9133FA50-CE2A-4E96-BD11-11F338B384CA}.Debug|Any CPU.ActiveCfg = Debug|Any CPU
		{9133FA50-CE2A-4E96-BD11-11F338B384CA}.Debug|Any CPU.Build.0 = Debug|Any CPU
		{9133FA50-CE2A-4E96-BD11-11F338B384CA}.Release|Any CPU.ActiveCfg = Release|Any CPU
		{9133FA50-CE2A-4E96-BD11-11F338B384CA}.Release|Any CPU.Build.0 = Release|Any CPU
		{022A7C44-A926-4B35-9976-754146910891}.Debug|Any CPU.ActiveCfg = Debug|Any CPU
		{022A7C44-A926-4B35-9976-754146910891}.Debug|Any CPU.Build.0 = Debug|Any CPU
		{022A7C44-A926-4B35-9976-754146910891}.Release|Any CPU.ActiveCfg = Release|Any CPU
		{022A7C44-A926-4B35-9976-754146910891}.Release|Any CPU.Build.0 = Release|Any CPU
		{D91BCE58-E9AA-48D6-89DE-79D74229385C}.Debug|Any CPU.ActiveCfg = Debug|Any CPU
		{D91BCE58-E9AA-48D6-89DE-79D74229385C}.Debug|Any CPU.Build.0 = Debug|Any CPU
		{D91BCE58-E9AA-48D6-89DE-79D74229385C}.Release|Any CPU.ActiveCfg = Release|Any CPU
		{D91BCE58-E9AA-48D6-89DE-79D74229385C}.Release|Any CPU.Build.0 = Release|Any CPU
		{19BB11A1-F579-4F06-BAFF-CC108CBE1747}.Debug|Any CPU.ActiveCfg = Debug|Any CPU
		{19BB11A1-F579-4F06-BAFF-CC108CBE1747}.Debug|Any CPU.Build.0 = Debug|Any CPU
		{19BB11A1-F579-4F06-BAFF-CC108CBE1747}.Release|Any CPU.ActiveCfg = Release|Any CPU
		{19BB11A1-F579-4F06-BAFF-CC108CBE1747}.Release|Any CPU.Build.0 = Release|Any CPU
	EndGlobalSection
	GlobalSection(SolutionProperties) = preSolution
		HideSolutionNode = FALSE
	EndGlobalSection
	GlobalSection(ExtensibilityGlobals) = postSolution
		SolutionGuid = {BC0372B6-CEE1-482E-9982-7510C5F329F6}
	EndGlobalSection
EndGlobal
